
Microsoft Visual Studio Solution File, Format Version 12.00
# Visual Studio Version 17
VisualStudioVersion = 17.13.35913.81
MinimumVisualStudioVersion = 10.0.40219.1
Project("{FAE04EC0-301F-11D3-BF4B-00C04F79EFBC}") = "LMIS", "LMIS\LMIS.csproj", "{1BFD41B0-AEFA-4CE6-951B-87E833C02701}"
EndProject
Project("{FAE04EC0-301F-11D3-BF4B-00C04F79EFBC}") = "LMIS.API", "LMIS.API\LMIS.API.csproj", "{03F02899-A376-47F9-B669-3ED6958143F3}"
EndProject
Project("{FAE04EC0-301F-11D3-BF4B-00C04F79EFBC}") = "LMIS.OMS", "LMIS.OMS\LMIS.OMS.csproj", "{3174AC39-39A6-41D4-886D-7A926DD4DE9A}"
EndProject
Project("{FAE04EC0-301F-11D3-BF4B-00C04F79EFBC}") = "LMIS.TMS", "LMIS.TMS\LMIS.TMS.csproj", "{E537BDD7-B59E-47A2-A5FA-F303773ADD4C}"
EndProject
Project("{FAE04EC0-301F-11D3-BF4B-00C04F79EFBC}") = "LMIS.WMS", "LMIS.WMS\LMIS.WMS.csproj", "{41E62E98-DA32-4A85-B953-4C3778595C86}"
EndProject
Project("{FAE04EC0-301F-11D3-BF4B-00C04F79EFBC}") = "LMIS.SCM", "LMIS.SCM\LMIS.SCM.csproj", "{20248E96-DEA0-47EF-86BF-505585026AF0}"
EndProject
Project("{FAE04EC0-301F-11D3-BF4B-00C04F79EFBC}") = "LMIS.Core", "LMIS.Core\LMIS.Core.csproj", "{6217948C-923B-4017-B3C1-0909A4C48233}"
EndProject
Project("{FAE04EC0-301F-11D3-BF4B-00C04F79EFBC}") = "LMIS.Shared", "LMIS.Shared\LMIS.Shared.csproj", "{A72E6959-4BF6-4F1E-95A4-09B52820BE12}"
EndProject
Project("{FAE04EC0-301F-11D3-BF4B-00C04F79EFBC}") = "LMIS.Web", "LMIS.Web\LMIS.Web.csproj", "{B29DA0F0-AF38-4EA1-8A63-F8F3CD395591}"
EndProject
Global
	GlobalSection(SolutionConfigurationPlatforms) = preSolution
		Debug|Any CPU = Debug|Any CPU
		Release|Any CPU = Release|Any CPU
	EndGlobalSection
	GlobalSection(ProjectConfigurationPlatforms) = postSolution
		{1BFD41B0-AEFA-4CE6-951B-87E833C02701}.Debug|Any CPU.ActiveCfg = Debug|Any CPU
		{1BFD41B0-AEFA-4CE6-951B-87E833C02701}.Debug|Any CPU.Build.0 = Debug|Any CPU
		{1BFD41B0-AEFA-4CE6-951B-87E833C02701}.Release|Any CPU.ActiveCfg = Release|Any CPU
		{1BFD41B0-AEFA-4CE6-951B-87E833C02701}.Release|Any CPU.Build.0 = Release|Any CPU
		{03F02899-A376-47F9-B669-3ED6958143F3}.Debug|Any CPU.ActiveCfg = Debug|Any CPU
		{03F02899-A376-47F9-B669-3ED6958143F3}.Debug|Any CPU.Build.0 = Debug|Any CPU
		{03F02899-A376-47F9-B669-3ED6958143F3}.Release|Any CPU.ActiveCfg = Release|Any CPU
		{03F02899-A376-47F9-B669-3ED6958143F3}.Release|Any CPU.Build.0 = Release|Any CPU
		{3174AC39-39A6-41D4-886D-7A926DD4DE9A}.Debug|Any CPU.ActiveCfg = Debug|Any CPU
		{3174AC39-39A6-41D4-886D-7A926DD4DE9A}.Debug|Any CPU.Build.0 = Debug|Any CPU
		{3174AC39-39A6-41D4-886D-7A926DD4DE9A}.Release|Any CPU.ActiveCfg = Release|Any CPU
		{3174AC39-39A6-41D4-886D-7A926DD4DE9A}.Release|Any CPU.Build.0 = Release|Any CPU
		{E537BDD7-B59E-47A2-A5FA-F303773ADD4C}.Debug|Any CPU.ActiveCfg = Debug|Any CPU
		{E537BDD7-B59E-47A2-A5FA-F303773ADD4C}.Debug|Any CPU.Build.0 = Debug|Any CPU
		{E537BDD7-B59E-47A2-A5FA-F303773ADD4C}.Release|Any CPU.ActiveCfg = Release|Any CPU
		{E537BDD7-B59E-47A2-A5FA-F303773ADD4C}.Release|Any CPU.Build.0 = Release|Any CPU
		{41E62E98-DA32-4A85-B953-4C3778595C86}.Debug|Any CPU.ActiveCfg = Debug|Any CPU
		{41E62E98-DA32-4A85-B953-4C3778595C86}.Debug|Any CPU.Build.0 = Debug|Any CPU
		{41E62E98-DA32-4A85-B953-4C3778595C86}.Release|Any CPU.ActiveCfg = Release|Any CPU
		{41E62E98-DA32-4A85-B953-4C3778595C86}.Release|Any CPU.Build.0 = Release|Any CPU
		{20248E96-DEA0-47EF-86BF-505585026AF0}.Debug|Any CPU.ActiveCfg = Debug|Any CPU
		{20248E96-DEA0-47EF-86BF-505585026AF0}.Debug|Any CPU.Build.0 = Debug|Any CPU
		{20248E96-DEA0-47EF-86BF-505585026AF0}.Release|Any CPU.ActiveCfg = Release|Any CPU
		{20248E96-DEA0-47EF-86BF-505585026AF0}.Release|Any CPU.Build.0 = Release|Any CPU
		{6217948C-923B-4017-B3C1-0909A4C48233}.Debug|Any CPU.ActiveCfg = Debug|Any CPU
		{6217948C-923B-4017-B3C1-0909A4C48233}.Debug|Any CPU.Build.0 = Debug|Any CPU
		{6217948C-923B-4017-B3C1-0909A4C48233}.Release|Any CPU.ActiveCfg = Release|Any CPU
		{6217948C-923B-4017-B3C1-0909A4C48233}.Release|Any CPU.Build.0 = Release|Any CPU
		{A72E6959-4BF6-4F1E-95A4-09B52820BE12}.Debug|Any CPU.ActiveCfg = Debug|Any CPU
		{A72E6959-4BF6-4F1E-95A4-09B52820BE12}.Debug|Any CPU.Build.0 = Debug|Any CPU
		{A72E6959-4BF6-4F1E-95A4-09B52820BE12}.Release|Any CPU.ActiveCfg = Release|Any CPU
		{A72E6959-4BF6-4F1E-95A4-09B52820BE12}.Release|Any CPU.Build.0 = Release|Any CPU
		{B29DA0F0-AF38-4EA1-8A63-F8F3CD395591}.Debug|Any CPU.ActiveCfg = Debug|Any CPU
		{B29DA0F0-AF38-4EA1-8A63-F8F3CD395591}.Debug|Any CPU.Build.0 = Debug|Any CPU
		{B29DA0F0-AF38-4EA1-8A63-F8F3CD395591}.Release|Any CPU.ActiveCfg = Release|Any CPU
		{B29DA0F0-AF38-4EA1-8A63-F8F3CD395591}.Release|Any CPU.Build.0 = Release|Any CPU
	EndGlobalSection
	GlobalSection(SolutionProperties) = preSolution
		HideSolutionNode = FALSE
	EndGlobalSection
	GlobalSection(ExtensibilityGlobals) = postSolution
		SolutionGuid = {1FD08966-A36B-438C-A392-95D5B0A3067D}
	EndGlobalSection
EndGlobal
